
Microsoft Visual Studio Solution File, Format Version 12.00
Project("{FAE04EC0-301F-11D3-BF4B-00C04F79EFBC}") = "file-upload-directory-traversal.Mvc", "file-upload-directory-traversal.Mvc\file-upload-directory-traversal.Mvc.csproj", "{F5ACDDED-876B-4A47-BE97-12772532703A}"
EndProject
Global
	GlobalSection(SolutionConfigurationPlatforms) = preSolution
		Debug|Any CPU = Debug|Any CPU
		Release|Any CPU = Release|Any CPU
	EndGlobalSection
	GlobalSection(ProjectConfigurationPlatforms) = postSolution
		{F5ACDDED-876B-4A47-BE97-12772532703A}.Debug|Any CPU.ActiveCfg = Debug|Any CPU
		{F5ACDDED-876B-4A47-BE97-12772532703A}.Debug|Any CPU.Build.0 = Debug|Any CPU
		{F5ACDDED-876B-4A47-BE97-12772532703A}.Release|Any CPU.ActiveCfg = Release|Any CPU
		{F5ACDDED-876B-4A47-BE97-12772532703A}.Release|Any CPU.Build.0 = Release|Any CPU
	EndGlobalSection
EndGlobal
