
Microsoft Visual Studio Solution File, Format Version 12.00
Project("{FAE04EC0-301F-11D3-BF4B-00C04F79EFBC}") = "cross-site-request-forgery-password-change.Mvc", "cross-site-request-forgery-password-change.Mvc\cross-site-request-forgery-password-change.Mvc.csproj", "{742EBA07-17C7-4961-8B42-D27A9F33EC22}"
EndProject
Project("{FAE04EC0-301F-11D3-BF4B-00C04F79EFBC}") = "cross-site-request-forgery-password-change.Core", "cross-site-request-forgery-password-change.Core\cross-site-request-forgery-password-change.Core.csproj", "{4825B47D-9D4F-4A87-AC6E-8BB2F545C5F4}"
EndProject
Project("{FAE04EC0-301F-11D3-BF4B-00C04F79EFBC}") = "cross-site-request-forgery-password-change.Infrastructure", "cross-site-request-forgery-password-change.Infrastructure\cross-site-request-forgery-password-change.Infrastructure.csproj", "{C29D5882-D1E4-4392-83B8-29A8381CFEEE}"
EndProject
Global
	GlobalSection(SolutionConfigurationPlatforms) = preSolution
		Debug|Any CPU = Debug|Any CPU
		Release|Any CPU = Release|Any CPU
	EndGlobalSection
	GlobalSection(ProjectConfigurationPlatforms) = postSolution
		{742EBA07-17C7-4961-8B42-D27A9F33EC22}.Debug|Any CPU.ActiveCfg = Debug|Any CPU
		{742EBA07-17C7-4961-8B42-D27A9F33EC22}.Debug|Any CPU.Build.0 = Debug|Any CPU
		{742EBA07-17C7-4961-8B42-D27A9F33EC22}.Release|Any CPU.ActiveCfg = Release|Any CPU
		{742EBA07-17C7-4961-8B42-D27A9F33EC22}.Release|Any CPU.Build.0 = Release|Any CPU
		{4825B47D-9D4F-4A87-AC6E-8BB2F545C5F4}.Debug|Any CPU.ActiveCfg = Debug|Any CPU
		{4825B47D-9D4F-4A87-AC6E-8BB2F545C5F4}.Debug|Any CPU.Build.0 = Debug|Any CPU
		{4825B47D-9D4F-4A87-AC6E-8BB2F545C5F4}.Release|Any CPU.ActiveCfg = Release|Any CPU
		{4825B47D-9D4F-4A87-AC6E-8BB2F545C5F4}.Release|Any CPU.Build.0 = Release|Any CPU
		{C29D5882-D1E4-4392-83B8-29A8381CFEEE}.Debug|Any CPU.ActiveCfg = Debug|Any CPU
		{C29D5882-D1E4-4392-83B8-29A8381CFEEE}.Debug|Any CPU.Build.0 = Debug|Any CPU
		{C29D5882-D1E4-4392-83B8-29A8381CFEEE}.Release|Any CPU.ActiveCfg = Release|Any CPU
		{C29D5882-D1E4-4392-83B8-29A8381CFEEE}.Release|Any CPU.Build.0 = Release|Any CPU
	EndGlobalSection
EndGlobal
