
Microsoft Visual Studio Solution File, Format Version 12.00
Project("{FAE04EC0-301F-11D3-BF4B-00C04F79EFBC}") = "css-injection-input.Mvc", "css-injection-input.Mvc\css-injection-input.Mvc.csproj", "{C3D61BCB-71DA-4091-AE21-2736B98AE3FE}"
EndProject
Global
	GlobalSection(SolutionConfigurationPlatforms) = preSolution
		Debug|Any CPU = Debug|Any CPU
		Release|Any CPU = Release|Any CPU
	EndGlobalSection
	GlobalSection(ProjectConfigurationPlatforms) = postSolution
		{C3D61BCB-71DA-4091-AE21-2736B98AE3FE}.Debug|Any CPU.ActiveCfg = Debug|Any CPU
		{C3D61BCB-71DA-4091-AE21-2736B98AE3FE}.Debug|Any CPU.Build.0 = Debug|Any CPU
		{C3D61BCB-71DA-4091-AE21-2736B98AE3FE}.Release|Any CPU.ActiveCfg = Release|Any CPU
		{C3D61BCB-71DA-4091-AE21-2736B98AE3FE}.Release|Any CPU.Build.0 = Release|Any CPU
	EndGlobalSection
EndGlobal
