
Microsoft Visual Studio Solution File, Format Version 12.00
Project("{FAE04EC0-301F-11D3-BF4B-00C04F79EFBC}") = "client-side-restriction-file-size.Mvc", "client-side-restriction-file-size.Mvc\client-side-restriction-file-size.Mvc.csproj", "{FA611D69-BED1-4C9C-AE3E-0495C6465D57}"
EndProject
Global
	GlobalSection(SolutionConfigurationPlatforms) = preSolution
		Debug|Any CPU = Debug|Any CPU
		Release|Any CPU = Release|Any CPU
	EndGlobalSection
	GlobalSection(ProjectConfigurationPlatforms) = postSolution
		{FA611D69-BED1-4C9C-AE3E-0495C6465D57}.Debug|Any CPU.ActiveCfg = Debug|Any CPU
		{FA611D69-BED1-4C9C-AE3E-0495C6465D57}.Debug|Any CPU.Build.0 = Debug|Any CPU
		{FA611D69-BED1-4C9C-AE3E-0495C6465D57}.Release|Any CPU.ActiveCfg = Release|Any CPU
		{FA611D69-BED1-4C9C-AE3E-0495C6465D57}.Release|Any CPU.Build.0 = Release|Any CPU
	EndGlobalSection
EndGlobal
