
Microsoft Visual Studio Solution File, Format Version 12.00
Project("{FAE04EC0-301F-11D3-BF4B-00C04F79EFBC}") = "server-side-request-forgery-show-image.Mvc", "server-side-request-forgery-show-image.Mvc\server-side-request-forgery-show-image.Mvc.csproj", "{ADC606CA-72B6-41AF-959F-42A8AE6CD681}"
EndProject
Global
	GlobalSection(SolutionConfigurationPlatforms) = preSolution
		Debug|Any CPU = Debug|Any CPU
		Release|Any CPU = Release|Any CPU
	EndGlobalSection
	GlobalSection(ProjectConfigurationPlatforms) = postSolution
		{ADC606CA-72B6-41AF-959F-42A8AE6CD681}.Debug|Any CPU.ActiveCfg = Debug|Any CPU
		{ADC606CA-72B6-41AF-959F-42A8AE6CD681}.Debug|Any CPU.Build.0 = Debug|Any CPU
		{ADC606CA-72B6-41AF-959F-42A8AE6CD681}.Release|Any CPU.ActiveCfg = Release|Any CPU
		{ADC606CA-72B6-41AF-959F-42A8AE6CD681}.Release|Any CPU.Build.0 = Release|Any CPU
	EndGlobalSection
EndGlobal
