
Microsoft Visual Studio Solution File, Format Version 12.00
Project("{FAE04EC0-301F-11D3-BF4B-00C04F79EFBC}") = "command-injection-ping.Mvc", "command-injection-ping.Mvc\command-injection-ping.Mvc.csproj", "{5AC9FF93-9E77-41A0-836C-D8ACA8BCB365}"
EndProject
Global
	GlobalSection(SolutionConfigurationPlatforms) = preSolution
		Debug|Any CPU = Debug|Any CPU
		Release|Any CPU = Release|Any CPU
	EndGlobalSection
	GlobalSection(ProjectConfigurationPlatforms) = postSolution
		{5AC9FF93-9E77-41A0-836C-D8ACA8BCB365}.Debug|Any CPU.ActiveCfg = Debug|Any CPU
		{5AC9FF93-9E77-41A0-836C-D8ACA8BCB365}.Debug|Any CPU.Build.0 = Debug|Any CPU
		{5AC9FF93-9E77-41A0-836C-D8ACA8BCB365}.Release|Any CPU.ActiveCfg = Release|Any CPU
		{5AC9FF93-9E77-41A0-836C-D8ACA8BCB365}.Release|Any CPU.Build.0 = Release|Any CPU
	EndGlobalSection
EndGlobal
